
Microsoft Visual Studio Solution File, Format Version 12.00
# Visual Studio Version 17
VisualStudioVersion = 17.9.34622.214
MinimumVisualStudioVersion = 10.0.40219.1
Project("{9A19103F-16F7-4668-BE54-9A1E7A4F7556}") = "JustWatchSearch", "JustWatchSearch\JustWatchSearch.csproj", "{CD5025DB-45DD-4626-901B-C1661DEBF1A2}"
EndProject
Project("{9A19103F-16F7-4668-BE54-9A1E7A4F7556}") = "DownloadApi", "DownloadApi\DownloadApi.csproj", "{BDE55A76-02AB-40C0-96DA-AD7874DACF06}"
EndProject
Project("{FAE04EC0-301F-11D3-BF4B-00C04F79EFBC}") = "Common", "Common\Common.csproj", "{5A6AB282-F707-486B-ACD2-F47985658F7C}"
EndProject
Global
	GlobalSection(SolutionConfigurationPlatforms) = preSolution
		Debug|Any CPU = Debug|Any CPU
		Release|Any CPU = Release|Any CPU
	EndGlobalSection
	GlobalSection(ProjectConfigurationPlatforms) = postSolution
		{CD5025DB-45DD-4626-901B-C1661DEBF1A2}.Debug|Any CPU.ActiveCfg = Debug|Any CPU
		{CD5025DB-45DD-4626-901B-C1661DEBF1A2}.Debug|Any CPU.Build.0 = Debug|Any CPU
		{CD5025DB-45DD-4626-901B-C1661DEBF1A2}.Release|Any CPU.ActiveCfg = Release|Any CPU
		{CD5025DB-45DD-4626-901B-C1661DEBF1A2}.Release|Any CPU.Build.0 = Release|Any CPU
		{BDE55A76-02AB-40C0-96DA-AD7874DACF06}.Debug|Any CPU.ActiveCfg = Debug|Any CPU
		{BDE55A76-02AB-40C0-96DA-AD7874DACF06}.Debug|Any CPU.Build.0 = Debug|Any CPU
		{BDE55A76-02AB-40C0-96DA-AD7874DACF06}.Release|Any CPU.ActiveCfg = Release|Any CPU
		{BDE55A76-02AB-40C0-96DA-AD7874DACF06}.Release|Any CPU.Build.0 = Release|Any CPU
		{5A6AB282-F707-486B-ACD2-F47985658F7C}.Debug|Any CPU.ActiveCfg = Debug|Any CPU
		{5A6AB282-F707-486B-ACD2-F47985658F7C}.Debug|Any CPU.Build.0 = Debug|Any CPU
		{5A6AB282-F707-486B-ACD2-F47985658F7C}.Release|Any CPU.ActiveCfg = Release|Any CPU
		{5A6AB282-F707-486B-ACD2-F47985658F7C}.Release|Any CPU.Build.0 = Release|Any CPU
	EndGlobalSection
	GlobalSection(SolutionProperties) = preSolution
		HideSolutionNode = FALSE
	EndGlobalSection
	GlobalSection(ExtensibilityGlobals) = postSolution
		SolutionGuid = {270A8E25-CF26-4730-8318-0A70F4A077C4}
	EndGlobalSection
EndGlobal
